
Microsoft Visual Studio Solution File, Format Version 12.00
# Visual Studio Version 16
VisualStudioVersion = 25.0.1705.2
MinimumVisualStudioVersion = 10.0.40219.1
Project("{FAE04EC0-301F-11D3-BF4B-00C04F79EFBC}") = "pipelinedemo", "pipelinedemo.csproj", "{B4B828BD-CC89-4470-BED8-D44E3325E129}"
EndProject
Global
	GlobalSection(SolutionConfigurationPlatforms) = preSolution
		Debug|Any CPU = Debug|Any CPU
		Release|Any CPU = Release|Any CPU
	EndGlobalSection
	GlobalSection(ProjectConfigurationPlatforms) = postSolution
		{B4B828BD-CC89-4470-BED8-D44E3325E129}.Debug|Any CPU.ActiveCfg = Debug|Any CPU
		{B4B828BD-CC89-4470-BED8-D44E3325E129}.Debug|Any CPU.Build.0 = Debug|Any CPU
		{B4B828BD-CC89-4470-BED8-D44E3325E129}.Release|Any CPU.ActiveCfg = Release|Any CPU
		{B4B828BD-CC89-4470-BED8-D44E3325E129}.Release|Any CPU.Build.0 = Release|Any CPU
	EndGlobalSection
	GlobalSection(SolutionProperties) = preSolution
		HideSolutionNode = FALSE
	EndGlobalSection
	GlobalSection(ExtensibilityGlobals) = postSolution
		SolutionGuid = {AACD2DFE-3959-43AD-ACDF-2F36C41141C8}
	EndGlobalSection
EndGlobal
